
# cargo-vet imports lock

[[audits.embark-studios.audits.ndk-context]]
who = "Johan Andersson <opensource@embark-studios.com>"
criteria = "safe-to-deploy"
version = "0.1.1"
notes = "Tiny crate that initializes Android with FFI, looks sane. No other ambient capabilities"

[[audits.embark-studios.audits.valuable]]
who = "Johan Andersson <opensource@embark-studios.com>"
criteria = "safe-to-deploy"
version = "0.1.0"
notes = "No unsafe usage or ambient capabilities, sane build script"

[[audits.google.audits.base64]]
who = "amarjotgill <amarjotgill@google.com>"
criteria = "safe-to-deploy"
version = "0.22.1"
aggregated-from = "https://chromium.googlesource.com/chromium/src/+/main/third_party/rust/chromium_crates_io/supply-chain/audits.toml?format=TEXT"

[[audits.google.audits.cfg-if]]
who = "George Burgess IV <gbiv@google.com>"
criteria = "safe-to-deploy"
version = "1.0.0"
aggregated-from = "https://chromium.googlesource.com/chromiumos/third_party/rust_crates/+/refs/heads/main/cargo-vet/audits.toml?format=TEXT"

[[audits.google.audits.core-foundation-sys]]
who = "Manish Goregaokar <manishearth@google.com>"
criteria = "safe-to-deploy"
version = "0.8.7"
notes = "OSX system APIs"
aggregated-from = "https://chromium.googlesource.com/chromium/src/+/main/third_party/rust/chromium_crates_io/supply-chain/audits.toml?format=TEXT"

[[audits.google.audits.equivalent]]
who = "George Burgess IV <gbiv@google.com>"
criteria = "safe-to-deploy"
version = "1.0.1"
aggregated-from = "https://chromium.googlesource.com/chromiumos/third_party/rust_crates/+/refs/heads/main/cargo-vet/audits.toml?format=TEXT"

[[audits.google.audits.equivalent]]
who = "Jonathan Hao <phao@chromium.org>"
criteria = "safe-to-deploy"
delta = "1.0.1 -> 1.0.2"
notes = "No changes to any .rs files or Rust code."
aggregated-from = "https://chromium.googlesource.com/chromium/src/+/main/third_party/rust/chromium_crates_io/supply-chain/audits.toml?format=TEXT"

[[audits.google.audits.lazy_static]]
who = "Lukasz Anforowicz <lukasza@chromium.org>"
criteria = "safe-to-deploy"
version = "1.4.0"
notes = '''
I grepped for \"crypt\", \"cipher\", \"fs\", \"net\" - there were no hits.

There are two places where `unsafe` is used.  Unsafe review notes can be found
in https://crrev.com/c/5347418.

This crate has been added to Chromium in https://crrev.com/c/3321895.
'''
aggregated-from = "https://chromium.googlesource.com/chromium/src/+/main/third_party/rust/chromium_crates_io/supply-chain/audits.toml?format=TEXT"

[[audits.google.audits.lazy_static]]
who = "Lukasz Anforowicz <lukasza@chromium.org>"
criteria = "safe-to-deploy"
delta = "1.4.0 -> 1.5.0"
notes = "Unsafe review notes: https://crrev.com/c/5650836"
aggregated-from = "https://chromium.googlesource.com/chromium/src/+/main/third_party/rust/chromium_crates_io/supply-chain/audits.toml?format=TEXT"

[[audits.google.audits.nom]]
who = "danakj@chromium.org"
criteria = "safe-to-deploy"
version = "7.1.3"
notes = """
Reviewed in https://chromium-review.googlesource.com/c/chromium/src/+/5046153
"""
aggregated-from = "https://chromium.googlesource.com/chromium/src/+/main/third_party/rust/chromium_crates_io/supply-chain/audits.toml?format=TEXT"

[[audits.google.audits.num-traits]]
who = "Manish Goregaokar <manishearth@google.com>"
criteria = "safe-to-deploy"
version = "0.2.19"
notes = "Contains a single line of float-to-int unsafe with decent safety comments"
aggregated-from = "https://chromium.googlesource.com/chromium/src/+/main/third_party/rust/chromium_crates_io/supply-chain/audits.toml?format=TEXT"

[[audits.google.audits.quick-error]]
who = "George Burgess IV <gbiv@google.com>"
criteria = "safe-to-run"
version = "1.2.3"
aggregated-from = "https://chromium.googlesource.com/chromiumos/third_party/rust_crates/+/refs/heads/main/cargo-vet/audits.toml?format=TEXT"

[[audits.google.audits.rand_chacha]]
who = "Lukasz Anforowicz <lukasza@chromium.org>"
criteria = "safe-to-deploy"
version = "0.3.1"
notes = """
For more detailed unsafe review notes please see https://crrev.com/c/6362797
"""
aggregated-from = "https://chromium.googlesource.com/chromium/src/+/main/third_party/rust/chromium_crates_io/supply-chain/audits.toml?format=TEXT"

[[audits.google.audits.rand_chacha]]
who = "Android Legacy"
criteria = "safe-to-run"
version = "0.3.1"
aggregated-from = "https://chromium.googlesource.com/chromiumos/third_party/rust_crates/+/refs/heads/main/cargo-vet/audits.toml?format=TEXT"

[[audits.google.audits.rand_core]]
who = "Lukasz Anforowicz <lukasza@chromium.org>"
criteria = "safe-to-deploy"
version = "0.6.4"
notes = """
For more detailed unsafe review notes please see https://crrev.com/c/6362797
"""
aggregated-from = "https://chromium.googlesource.com/chromium/src/+/main/third_party/rust/chromium_crates_io/supply-chain/audits.toml?format=TEXT"

[[audits.google.audits.rand_core]]
who = "Android Legacy"
criteria = "safe-to-run"
version = "0.6.4"
aggregated-from = "https://chromium.googlesource.com/chromiumos/third_party/rust_crates/+/refs/heads/main/cargo-vet/audits.toml?format=TEXT"

[[audits.google.audits.tinyvec_macros]]
who = "George Burgess IV <gbiv@google.com>"
criteria = "safe-to-deploy"
version = "0.1.0"
aggregated-from = "https://chromium.googlesource.com/chromiumos/third_party/rust_crates/+/refs/heads/main/cargo-vet/audits.toml?format=TEXT"

[[audits.google.audits.wait-timeout]]
who = "George Burgess IV <gbiv@google.com>"
criteria = "safe-to-run"
version = "0.2.0"
aggregated-from = "https://chromium.googlesource.com/chromiumos/third_party/rust_crates/+/refs/heads/main/cargo-vet/audits.toml?format=TEXT"

[[audits.isrg.audits.cfg-if]]
who = "David Cook <dcook@divviup.org>"
criteria = "safe-to-deploy"
delta = "1.0.0 -> 1.0.1"

[[audits.isrg.audits.cfg-if]]
who = "J.C. Jones <jc@divviup.org>"
criteria = "safe-to-deploy"
delta = "1.0.1 -> 1.0.3"

[[audits.isrg.audits.cfg-if]]
who = "David Cook <dcook@divviup.org>"
criteria = "safe-to-deploy"
delta = "1.0.3 -> 1.0.4"

[[audits.isrg.audits.cpufeatures]]
who = "David Cook <dcook@divviup.org>"
criteria = "safe-to-deploy"
delta = "0.2.17 -> 0.3.0"

[[audits.isrg.audits.fiat-crypto]]
who = "David Cook <dcook@divviup.org>"
criteria = "safe-to-deploy"
version = "0.1.17"
notes = """
This crate does not contain any unsafe code, and does not use any items from
the standard library or other crates, aside from operations backed by
`std::ops`. All paths with array indexing use integer literals for indexes, so
there are no panics due to indexes out of bounds (as rustc would catch an
out-of-bounds literal index). I did not check whether arithmetic overflows
could cause a panic, and I am relying on the Coq code having satisfied the
necessary preconditions to ensure panics due to overflows are unreachable.
"""

[[audits.isrg.audits.fiat-crypto]]
who = "Brandon Pitman <bran@bran.land>"
criteria = "safe-to-deploy"
delta = "0.1.17 -> 0.1.18"

[[audits.isrg.audits.fiat-crypto]]
who = "David Cook <dcook@divviup.org>"
criteria = "safe-to-deploy"
delta = "0.1.18 -> 0.1.19"
notes = """
This release renames many items and adds a new module. The code in the new
module is entirely composed of arithmetic and array accesses.
"""

[[audits.isrg.audits.fiat-crypto]]
who = "David Cook <dcook@divviup.org>"
criteria = "safe-to-deploy"
delta = "0.1.19 -> 0.1.20"

[[audits.isrg.audits.fiat-crypto]]
who = "David Cook <dcook@divviup.org>"
criteria = "safe-to-deploy"
delta = "0.1.20 -> 0.2.0"

[[audits.isrg.audits.fiat-crypto]]
who = "Brandon Pitman <bran@bran.land>"
criteria = "safe-to-deploy"
delta = "0.2.0 -> 0.2.1"

[[audits.isrg.audits.fiat-crypto]]
who = "Tim Geoghegan <timg@divviup.org>"
criteria = "safe-to-deploy"
delta = "0.2.1 -> 0.2.2"
notes = "No changes to `unsafe` code, or any functional changes that I can detect at all."

[[audits.isrg.audits.fiat-crypto]]
who = "Brandon Pitman <bran@bran.land>"
criteria = "safe-to-deploy"
delta = "0.2.2 -> 0.2.4"

[[audits.isrg.audits.fiat-crypto]]
who = "David Cook <dcook@divviup.org>"
criteria = "safe-to-deploy"
delta = "0.2.4 -> 0.2.5"

[[audits.isrg.audits.fiat-crypto]]
who = "Brandon Pitman <bran@bran.land>"
criteria = "safe-to-deploy"
delta = "0.2.5 -> 0.2.6"

[[audits.isrg.audits.fiat-crypto]]
who = "Brandon Pitman <bran@bran.land>"
criteria = "safe-to-deploy"
delta = "0.2.6 -> 0.2.7"

[[audits.isrg.audits.fiat-crypto]]
who = "David Cook <dcook@divviup.org>"
criteria = "safe-to-deploy"
delta = "0.2.7 -> 0.2.8"

[[audits.isrg.audits.fiat-crypto]]
who = "Tim Geoghegan <timg@divviup.org>"
criteria = "safe-to-deploy"
delta = "0.2.8 -> 0.2.9"
notes = "No changes to Rust code between 0.2.8 and 0.2.9"

[[audits.isrg.audits.hmac]]
who = "David Cook <dcook@divviup.org>"
criteria = "safe-to-deploy"
version = "0.12.1"

[[audits.isrg.audits.inout]]
who = "David Cook <dcook@divviup.org>"
criteria = "safe-to-deploy"
delta = "0.1.4 -> 0.2.2"

[[audits.isrg.audits.rand_chacha]]
who = "David Cook <dcook@divviup.org>"
criteria = "safe-to-deploy"
delta = "0.3.1 -> 0.9.0"

[[audits.isrg.audits.rand_core]]
who = "David Cook <dcook@divviup.org>"
criteria = "safe-to-deploy"
delta = "0.6.4 -> 0.9.3"

[[audits.isrg.audits.rand_core]]
who = "J.C. Jones <jc@divviup.org>"
criteria = "safe-to-deploy"
delta = "0.9.3 -> 0.9.5"

[[audits.isrg.audits.untrusted]]
who = "David Cook <dcook@divviup.org>"
criteria = "safe-to-deploy"
version = "0.7.1"

[[audits.zcash.audits.dunce]]
who = "Jack Grigg <jack@electriccoin.co>"
criteria = "safe-to-deploy"
version = "1.0.5"
notes = """
Does what it says on the tin. No `unsafe`, and the only IO is `std::fs::canonicalize`.
Path and string handling looks plausibly correct.
"""
aggregated-from = "https://raw.githubusercontent.com/zcash/librustzcash/main/supply-chain/audits.toml"

[[audits.zcash.audits.inout]]
who = "Daira Hopwood <daira@jacaranda.org>"
criteria = "safe-to-deploy"
version = "0.1.3"
notes = "Reviewed in full."
aggregated-from = "https://raw.githubusercontent.com/zcash/zcash/master/qa/supply-chain/audits.toml"

[[audits.zcash.audits.inout]]
who = "Jack Grigg <jack@electriccoin.co>"
criteria = "safe-to-deploy"
delta = "0.1.3 -> 0.1.4"
aggregated-from = "https://raw.githubusercontent.com/zcash/wallet/main/supply-chain/audits.toml"

[[audits.zcash.audits.rustc_version]]
who = "Jack Grigg <jack@electriccoin.co>"
criteria = "safe-to-deploy"
version = "0.4.0"
notes = """
Most of the crate is code to parse and validate the output of `rustc -vV`. The caller can
choose which `rustc` to use, or can use `rustc_version::{version, version_meta}` which will
try `$RUSTC` followed by `rustc`.

If an adversary can arbitrarily set the `$RUSTC` environment variable then this crate will
execute arbitrary code. But when this crate is used within a build script, `$RUSTC` should
be set correctly by `cargo`.
"""
aggregated-from = "https://raw.githubusercontent.com/zcash/zcash/master/qa/supply-chain/audits.toml"

[[audits.zcash.audits.rustc_version]]
who = "Jack Grigg <jack@electriccoin.co>"
criteria = "safe-to-deploy"
delta = "0.4.0 -> 0.4.1"
notes = "Changes to `Command` usage are to add support for `RUSTC_WRAPPER`."
aggregated-from = "https://raw.githubusercontent.com/zcash/zcash/master/qa/supply-chain/audits.toml"

[[audits.zcash.audits.signature]]
who = "Daira Emma Hopwood <daira@jacaranda.org>"
criteria = "safe-to-deploy"
version = "2.1.0"
notes = """
This crate uses `#![forbid(unsafe_code)]`, has no build script, and only provides traits with some trivial default implementations.
I did not review whether implementing these APIs would present any undocumented cryptographic hazards.
"""
aggregated-from = "https://raw.githubusercontent.com/zcash/zcash/master/qa/supply-chain/audits.toml"

[[audits.zcash.audits.signature]]
who = "Jack Grigg <jack@electriccoin.co>"
criteria = "safe-to-deploy"
delta = "2.1.0 -> 2.2.0"
aggregated-from = "https://raw.githubusercontent.com/zcash/zcash/master/qa/supply-chain/audits.toml"

[[audits.zcash.audits.tinyvec_macros]]
who = "Jack Grigg <jack@z.cash>"
criteria = "safe-to-deploy"
delta = "0.1.0 -> 0.1.1"
notes = "Adds `#![forbid(unsafe_code)]` and license files."
aggregated-from = "https://raw.githubusercontent.com/zcash/zcash/master/qa/supply-chain/audits.toml"

[[audits.zcash.audits.valuable]]
who = "Jack Grigg <jack@electriccoin.co>"
criteria = "safe-to-deploy"
delta = "0.1.0 -> 0.1.1"
notes = "Build script changes are for linting."
aggregated-from = "https://raw.githubusercontent.com/zcash/zcash/master/qa/supply-chain/audits.toml"

[[audits.zcash.audits.wait-timeout]]
who = "Jack Grigg <jack@electriccoin.co>"
criteria = "safe-to-deploy"
delta = "0.2.0 -> 0.2.1"
notes = """
- Changes to `unsafe` code blocks are just formatting.
- Changes to `extern fn`s are to declare them explicitly as `extern "C" fn`s.
"""
aggregated-from = "https://raw.githubusercontent.com/zcash/zcash/master/qa/supply-chain/audits.toml"
